# This file is automatically @generated by Poetry 2.2.0 and should not be changed by hand.

[[package]]
name = "asgiref"
version = "3.8.1"
description = "ASGI specs, helper code, and adapters"
optional = false
python-versions = ">=3.8"
groups = ["main"]
files = [
    {file = "asgiref-3.8.1-py3-none-any.whl", hash = "sha256:3e1e3ecc849832fe52ccf2cb6686b7a55f82bb1d6aee72a58826471390335e47"},
    {file = "asgiref-3.8.1.tar.gz", hash = "sha256:c343bd80a0bec947a9860adb4c432ffa7db769836c64238fc34bdc3fec84d590"},
]

[package.extras]
tests = ["mypy (>=0.800)", "pytest", "pytest-asyncio"]

[[package]]
name = "black"
version = "25.12.0"
description = "The uncompromising code formatter."
optional = false
python-versions = ">=3.10"
groups = ["dev"]
files = [
    {file = "black-25.12.0-cp310-cp310-macosx_10_9_x86_64.whl", hash = "sha256:f85ba1ad15d446756b4ab5f3044731bf68b777f8f9ac9cdabd2425b97cd9c4e8"},
    {file = "black-25.12.0-cp310-cp310-macosx_11_0_arm64.whl", hash = "sha256:546eecfe9a3a6b46f9d69d8a642585a6eaf348bcbbc4d87a19635570e02d9f4a"},
    {file = "black-25.12.0-cp310-cp310-manylinux2014_x86_64.manylinux_2_17_x86_64.manylinux_2_28_x86_64.whl", hash = "sha256:17dcc893da8d73d8f74a596f64b7c98ef5239c2cd2b053c0f25912c4494bf9ea"},
    {file = "black-25.12.0-cp310-cp310-win_amd64.whl", hash = "sha256:09524b0e6af8ba7a3ffabdfc7a9922fb9adef60fed008c7cd2fc01f3048e6e6f"},
    {file = "black-25.12.0-cp310-cp310-win_arm64.whl", hash = "sha256:b162653ed89eb942758efeb29d5e333ca5bb90e5130216f8369857db5955a7da"},
    {file = "black-25.12.0-cp311-cp311-macosx_10_9_x86_64.whl", hash = "sha256:d0cfa263e85caea2cff57d8f917f9f51adae8e20b610e2b23de35b5b11ce691a"},
    {file = "black-25.12.0-cp311-cp311-macosx_11_0_arm64.whl", hash = "sha256:1a2f578ae20c19c50a382286ba78bfbeafdf788579b053d8e4980afb079ab9be"},
    {file = "black-25.12.0-cp311-cp311-manylinux2014_x86_64.manylinux_2_17_x86_64.manylinux_2_28_x86_64.whl", hash = "sha256:d3e1b65634b0e471d07ff86ec338819e2ef860689859ef4501ab7ac290431f9b"},
    {file = "black-25.12.0-cp311-cp311-win_amd64.whl", hash = "sha256:a3fa71e3b8dd9f7c6ac4d818345237dfb4175ed3bf37cd5a581dbc4c034f1ec5"},
    {file = "black-25.12.0-cp311-cp311-win_arm64.whl", hash = "sha256:51e267458f7e650afed8445dc7edb3187143003d52a1b710c7321aef22aa9655"},
    {file = "black-25.12.0-cp312-cp312-macosx_10_13_x86_64.whl", hash = "sha256:31f96b7c98c1ddaeb07dc0f56c652e25bdedaac76d5b68a059d998b57c55594a"},
    {file = "black-25.12.0-cp312-cp312-macosx_11_0_arm64.whl", hash = "sha256:05dd459a19e218078a1f98178c13f861fe6a9a5f88fc969ca4d9b49eb1809783"},
    {file = "black-25.12.0-cp312-cp312-manylinux2014_x86_64.manylinux_2_17_x86_64.manylinux_2_28_x86_64.whl", hash = "sha256:c1f68c5eff61f226934be6b5b80296cf6939e5d2f0c2f7d543ea08b204bfaf59"},
    {file = "black-25.12.0-cp312-cp312-win_amd64.whl", hash = "sha256:274f940c147ddab4442d316b27f9e332ca586d39c85ecf59ebdea82cc9ee8892"},
    {file = "black-25.12.0-cp312-cp312-win_arm64.whl", hash = "sha256:169506ba91ef21e2e0591563deda7f00030cb466e747c4b09cb0a9dae5db2f43"},
    {file = "black-25.12.0-cp313-cp313-macosx_10_13_x86_64.whl", hash = "sha256:a05ddeb656534c3e27a05a29196c962877c83fa5503db89e68857d1161ad08a5"},
    {file = "black-25.12.0-cp313-cp313-macosx_11_0_arm64.whl", hash = "sha256:9ec77439ef3e34896995503865a85732c94396edcc739f302c5673a2315e1e7f"},
    {file = "black-25.12.0-cp313-cp313-manylinux2014_x86_64.manylinux_2_17_x86_64.manylinux_2_28_x86_64.whl", hash = "sha256:0e509c858adf63aa61d908061b52e580c40eae0dfa72415fa47ac01b12e29baf"},
    {file = "black-25.12.0-cp313-cp313-win_amd64.whl", hash = "sha256:252678f07f5bac4ff0d0e9b261fbb029fa530cfa206d0a636a34ab445ef8ca9d"},
    {file = "black-25.12.0-cp313-cp313-win_arm64.whl", hash = "sha256:bc5b1c09fe3c931ddd20ee548511c64ebf964ada7e6f0763d443947fd1c603ce"},
    {file = "black-25.12.0-cp314-cp314-macosx_10_15_x86_64.whl", hash = "sha256:0a0953b134f9335c2434864a643c842c44fba562155c738a2a37a4d61f00cad5"},
    {file = "black-25.12.0-cp314-cp314-macosx_11_0_arm64.whl", hash = "sha256:2355bbb6c3b76062870942d8cc450d4f8ac71f9c93c40122762c8784df49543f"},
    {file = "black-25.12.0-cp314-cp314-manylinux2014_x86_64.manylinux_2_17_x86_64.manylinux_2_28_x86_64.whl", hash = "sha256:9678bd991cc793e81d19aeeae57966ee02909877cb65838ccffef24c3ebac08f"},
    {file = "black-25.12.0-cp314-cp314-win_amd64.whl", hash = "sha256:97596189949a8aad13ad12fcbb4ae89330039b96ad6742e6f6b45e75ad5cfd83"},
    {file = "black-25.12.0-cp314-cp314-win_arm64.whl", hash = "sha256:778285d9ea197f34704e3791ea9404cd6d07595745907dd2ce3da7a13627b29b"},
    {file = "black-25.12.0-py3-none-any.whl", hash = "sha256:48ceb36c16dbc84062740049eef990bb2ce07598272e673c17d1a7720c71c828"},
    {file = "black-25.12.0.tar.gz", hash = "sha256:8d3dd9cea14bff7ddc0eb243c811cdb1a011ebb4800a5f0335a01a68654796a7"},
]

[package.dependencies]
click = ">=8.0.0"
mypy-extensions = ">=0.4.3"
packaging = ">=22.0"
pathspec = ">=0.9.0"
platformdirs = ">=2"
pytokens = ">=0.3.0"

[package.extras]
colorama = ["colorama (>=0.4.3)"]
d = ["aiohttp (>=3.10)"]
jupyter = ["ipython (>=7.8.0)", "tokenize-rt (>=3.2.0)"]
uvloop = ["uvloop (>=0.15.2)"]

[[package]]
name = "click"
version = "8.1.7"
description = "Composable command line interface toolkit"
optional = false
python-versions = ">=3.7"
groups = ["dev"]
files = [
    {file = "click-8.1.7-py3-none-any.whl", hash = "sha256:ae74fb96c20a0277a1d615f1e4d73c8414f5a98db8b799a7931d1582f3390c28"},
    {file = "click-8.1.7.tar.gz", hash = "sha256:ca9853ad459e787e2192211578cc907e7594e294c7ccc834310722b41b9ca6de"},
]

[package.dependencies]
colorama = {version = "*", markers = "platform_system == \"Windows\""}

[[package]]
name = "colorama"
version = "0.4.6"
description = "Cross-platform colored terminal text."
optional = false
python-versions = "!=3.0.*,!=3.1.*,!=3.2.*,!=3.3.*,!=3.4.*,!=3.5.*,!=3.6.*,>=2.7"
groups = ["dev"]
markers = "platform_system == \"Windows\""
files = [
    {file = "colorama-0.4.6-py2.py3-none-any.whl", hash = "sha256:4f1d9991f5acc0ca119f9d443620b77f9d6b33703e51011c16baf57afb285fc6"},
    {file = "colorama-0.4.6.tar.gz", hash = "sha256:08695f5cb7ed6e0531a20572697297273c47b8cae5a63ffc6d6ed5c201be6e44"},
]

[[package]]
name = "django"
version = "5.2.9"
description = "A high-level Python web framework that encourages rapid development and clean, pragmatic design."
optional = false
python-versions = ">=3.10"
groups = ["main"]
files = [
    {file = "django-5.2.9-py3-none-any.whl", hash = "sha256:3a4ea88a70370557ab1930b332fd2887a9f48654261cdffda663fef5976bb00a"},
    {file = "django-5.2.9.tar.gz", hash = "sha256:16b5ccfc5e8c27e6c0561af551d2ea32852d7352c67d452ae3e76b4f6b2ca495"},
]

[package.dependencies]
asgiref = ">=3.8.1"
sqlparse = ">=0.3.1"
tzdata = {version = "*", markers = "sys_platform == \"win32\""}

[package.extras]
argon2 = ["argon2-cffi (>=19.1.0)"]
bcrypt = ["bcrypt"]

[[package]]
name = "isort"
version = "7.0.0"
description = "A Python utility / library to sort Python imports."
optional = false
python-versions = ">=3.10.0"
groups = ["dev"]
files = [
    {file = "isort-7.0.0-py3-none-any.whl", hash = "sha256:1bcabac8bc3c36c7fb7b98a76c8abb18e0f841a3ba81decac7691008592499c1"},
    {file = "isort-7.0.0.tar.gz", hash = "sha256:5513527951aadb3ac4292a41a16cbc50dd1642432f5e8c20057d414bdafb4187"},
]

[package.extras]
colors = ["colorama"]
plugins = ["setuptools"]

[[package]]
name = "mypy-extensions"
version = "1.0.0"
description = "Type system extensions for programs checked with the mypy type checker."
optional = false
python-versions = ">=3.5"
groups = ["dev"]
files = [
    {file = "mypy_extensions-1.0.0-py3-none-any.whl", hash = "sha256:4392f6c0eb8a5668a69e23d168ffa70f0be9ccfd32b5cc2d26a34ae5b844552d"},
    {file = "mypy_extensions-1.0.0.tar.gz", hash = "sha256:75dbf8955dc00442a438fc4d0666508a9a97b6bd41aa2f0ffe9d2f2725af0782"},
]

[[package]]
name = "mysqlclient"
version = "2.2.7"
description = "Python interface to MySQL"
optional = false
python-versions = ">=3.8"
groups = ["dev"]
files = [
    {file = "mysqlclient-2.2.7-cp310-cp310-win_amd64.whl", hash = "sha256:2e3c11f7625029d7276ca506f8960a7fd3c5a0a0122c9e7404e6a8fe961b3d22"},
    {file = "mysqlclient-2.2.7-cp311-cp311-win_amd64.whl", hash = "sha256:a22d99d26baf4af68ebef430e3131bb5a9b722b79a9fcfac6d9bbf8a88800687"},
    {file = "mysqlclient-2.2.7-cp312-cp312-win_amd64.whl", hash = "sha256:4b4c0200890837fc64014cc938ef2273252ab544c1b12a6c1d674c23943f3f2e"},
    {file = "mysqlclient-2.2.7-cp313-cp313-win_amd64.whl", hash = "sha256:201a6faa301011dd07bca6b651fe5aaa546d7c9a5426835a06c3172e1056a3c5"},
    {file = "mysqlclient-2.2.7-cp39-cp39-win_amd64.whl", hash = "sha256:199dab53a224357dd0cb4d78ca0e54018f9cee9bf9ec68d72db50e0a23569076"},
    {file = "mysqlclient-2.2.7-pp310-pypy310_pp73-win_amd64.whl", hash = "sha256:92af368ed9c9144737af569c86d3b6c74a012a6f6b792eb868384787b52bb585"},
    {file = "mysqlclient-2.2.7-pp39-pypy39_pp73-win_amd64.whl", hash = "sha256:977e35244fe6ef44124e9a1c2d1554728a7b76695598e4b92b37dc2130503069"},
    {file = "mysqlclient-2.2.7.tar.gz", hash = "sha256:24ae22b59416d5fcce7e99c9d37548350b4565baac82f95e149cac6ce4163845"},
]

[[package]]
name = "packaging"
version = "23.2"
description = "Core utilities for Python packages"
optional = false
python-versions = ">=3.7"
groups = ["dev"]
files = [
    {file = "packaging-23.2-py3-none-any.whl", hash = "sha256:8c491190033a9af7e1d931d0b5dacc2ef47509b34dd0de67ed209b5203fc88c7"},
    {file = "packaging-23.2.tar.gz", hash = "sha256:048fb0e9405036518eaaf48a55953c750c11e1a1b68e0dd1a9d62ed0c092cfc5"},
]

[[package]]
name = "pathspec"
version = "0.12.1"
description = "Utility library for gitignore style pattern matching of file paths."
optional = false
python-versions = ">=3.8"
groups = ["dev"]
files = [
    {file = "pathspec-0.12.1-py3-none-any.whl", hash = "sha256:a0d503e138a4c123b27490a4f7beda6a01c6f288df0e4a8b79c7eb0dc7b4cc08"},
    {file = "pathspec-0.12.1.tar.gz", hash = "sha256:a482d51503a1ab33b1c67a6c3813a26953dbdc71c31dacaef9a838c4e29f5712"},
]

[[package]]
name = "platformdirs"
version = "4.2.0"
description = "A small Python package for determining appropriate platform-specific dirs, e.g. a \"user data dir\"."
optional = false
python-versions = ">=3.8"
groups = ["dev"]
files = [
    {file = "platformdirs-4.2.0-py3-none-any.whl", hash = "sha256:0614df2a2f37e1a662acbd8e2b25b92ccf8632929bc6d43467e17fe89c75e068"},
    {file = "platformdirs-4.2.0.tar.gz", hash = "sha256:ef0cc731df711022c174543cb70a9b5bd22e5a9337c8624ef2c2ceb8ddad8768"},
]

[package.extras]
docs = ["furo (>=2023.9.10)", "proselint (>=0.13)", "sphinx (>=7.2.6)", "sphinx-autodoc-typehints (>=1.25.2)"]
test = ["appdirs (==1.4.4)", "covdefaults (>=2.3)", "pytest (>=7.4.3)", "pytest-cov (>=4.1)", "pytest-mock (>=3.12)"]

[[package]]
name = "psycopg2"
version = "2.9.11"
description = "psycopg2 - Python-PostgreSQL Database Adapter"
optional = false
python-versions = ">=3.9"
groups = ["dev"]
files = [
    {file = "psycopg2-2.9.11-cp310-cp310-win_amd64.whl", hash = "sha256:103e857f46bb76908768ead4e2d0ba1d1a130e7b8ed77d3ae91e8b33481813e8"},
    {file = "psycopg2-2.9.11-cp311-cp311-win_amd64.whl", hash = "sha256:210daed32e18f35e3140a1ebe059ac29209dd96468f2f7559aa59f75ee82a5cb"},
    {file = "psycopg2-2.9.11-cp312-cp312-win_amd64.whl", hash = "sha256:e03e4a6dbe87ff81540b434f2e5dc2bddad10296db5eea7bdc995bf5f4162938"},
    {file = "psycopg2-2.9.11-cp313-cp313-win_amd64.whl", hash = "sha256:8dc379166b5b7d5ea66dcebf433011dfc51a7bb8a5fc12367fa05668e5fc53c8"},
    {file = "psycopg2-2.9.11-cp314-cp314-win_amd64.whl", hash = "sha256:f10a48acba5fe6e312b891f290b4d2ca595fc9a06850fe53320beac353575578"},
    {file = "psycopg2-2.9.11-cp39-cp39-win_amd64.whl", hash = "sha256:6ecddcf573777536bddfefaea8079ce959287798c8f5804bee6933635d538924"},
    {file = "psycopg2-2.9.11.tar.gz", hash = "sha256:964d31caf728e217c697ff77ea69c2ba0865fa41ec20bb00f0977e62fdcc52e3"},
]

[[package]]
name = "pycodestyle"
version = "2.14.0"
description = "Python style guide checker"
optional = false
python-versions = ">=3.9"
groups = ["dev"]
files = [
    {file = "pycodestyle-2.14.0-py2.py3-none-any.whl", hash = "sha256:dd6bf7cb4ee77f8e016f9c8e74a35ddd9f67e1d5fd4184d86c3b98e07099f42d"},
    {file = "pycodestyle-2.14.0.tar.gz", hash = "sha256:c4b5b517d278089ff9d0abdec919cd97262a3367449ea1c8b49b91529167b783"},
]

[[package]]
name = "pytokens"
version = "0.3.0"
description = "A Fast, spec compliant Python 3.14+ tokenizer that runs on older Pythons."
optional = false
python-versions = ">=3.8"
groups = ["dev"]
files = [
    {file = "pytokens-0.3.0-py3-none-any.whl", hash = "sha256:95b2b5eaf832e469d141a378872480ede3f251a5a5041b8ec6e581d3ac71bbf3"},
    {file = "pytokens-0.3.0.tar.gz", hash = "sha256:2f932b14ed08de5fcf0b391ace2642f858f1394c0857202959000b68ed7a458a"},
]

[package.extras]
dev = ["black", "build", "mypy", "pytest", "pytest-cov", "setuptools", "tox", "twine", "wheel"]

[[package]]
name = "sqlparse"
version = "0.5.0"
description = "A non-validating SQL parser."
optional = false
python-versions = ">=3.8"
groups = ["main"]
files = [
    {file = "sqlparse-0.5.0-py3-none-any.whl", hash = "sha256:c204494cd97479d0e39f28c93d46c0b2d5959c7b9ab904762ea6c7af211c8663"},
    {file = "sqlparse-0.5.0.tar.gz", hash = "sha256:714d0a4932c059d16189f58ef5411ec2287a4360f17cdd0edd2d09d4c5087c93"},
]

[package.extras]
dev = ["build", "hatch"]
doc = ["sphinx"]

[[package]]
name = "tzdata"
version = "2024.1"
description = "Provider of IANA time zone data"
optional = false
python-versions = ">=2"
groups = ["main"]
markers = "sys_platform == \"win32\""
files = [
    {file = "tzdata-2024.1-py2.py3-none-any.whl", hash = "sha256:9068bc196136463f5245e51efda838afa15aaeca9903f49050dfa2679db4d252"},
    {file = "tzdata-2024.1.tar.gz", hash = "sha256:2674120f8d891909751c38abcdfd386ac0a5a1127954fbc332af6b5ceae07efd"},
]

[metadata]
lock-version = "2.1"
python-versions = "^3.11"
content-hash = "fbe32058e1f673d9172e9e4a88efce9784b113187c6c1bb11c69e66b44897587"
